
Microsoft Visual Studio Solution File, Format Version 12.00
# Visual Studio Version 16
VisualStudioVersion = 16.0.30320.27
MinimumVisualStudioVersion = 10.0.40219.1
Project("{FAE04EC0-301F-11D3-BF4B-00C04F79EFBC}") = "FauxSharp", "FauxSharp\FauxSharp.csproj", "{A7A29690-10B9-4C46-9547-434615353773}"
EndProject
Global
	GlobalSection(SolutionConfigurationPlatforms) = preSolution
		Debug|Any CPU = Debug|Any CPU
		Release|Any CPU = Release|Any CPU
	EndGlobalSection
	GlobalSection(ProjectConfigurationPlatforms) = postSolution
		{A7A29690-10B9-4C46-9547-434615353773}.Debug|Any CPU.ActiveCfg = Debug|Any CPU
		{A7A29690-10B9-4C46-9547-434615353773}.Debug|Any CPU.Build.0 = Debug|Any CPU
		{A7A29690-10B9-4C46-9547-434615353773}.Release|Any CPU.ActiveCfg = Release|Any CPU
		{A7A29690-10B9-4C46-9547-434615353773}.Release|Any CPU.Build.0 = Release|Any CPU
	EndGlobalSection
	GlobalSection(SolutionProperties) = preSolution
		HideSolutionNode = FALSE
	EndGlobalSection
	GlobalSection(ExtensibilityGlobals) = postSolution
		SolutionGuid = {1FC66A97-225C-4E4C-A49F-0BE6D5486BC9}
	EndGlobalSection
EndGlobal
